
Microsoft Visual Studio Solution File, Format Version 12.00
# Visual Studio Version 17
VisualStudioVersion = 17.5.002.0
MinimumVisualStudioVersion = 10.0.40219.1
Project("{9A19103F-16F7-4668-BE54-9A1E7A4F7556}") = "AppSerialisation", "AppSerialisation\AppSerialisation.csproj", "{53DA615A-760A-4155-B87E-F0A69D1D56F8}"
EndProject
Project("{2150E333-8FDC-42A3-9474-1A3956D46DE8}") = "Éléments de solution", "Éléments de solution", "{06B7824D-6E60-4169-9586-A3BBB5F4EF64}"
	ProjectSection(SolutionItems) = preProject
		.gitignore = .gitignore
	EndProjectSection
EndProject
Global
	GlobalSection(SolutionConfigurationPlatforms) = preSolution
		Debug|Any CPU = Debug|Any CPU
		Release|Any CPU = Release|Any CPU
	EndGlobalSection
	GlobalSection(ProjectConfigurationPlatforms) = postSolution
		{53DA615A-760A-4155-B87E-F0A69D1D56F8}.Debug|Any CPU.ActiveCfg = Debug|Any CPU
		{53DA615A-760A-4155-B87E-F0A69D1D56F8}.Debug|Any CPU.Build.0 = Debug|Any CPU
		{53DA615A-760A-4155-B87E-F0A69D1D56F8}.Release|Any CPU.ActiveCfg = Release|Any CPU
		{53DA615A-760A-4155-B87E-F0A69D1D56F8}.Release|Any CPU.Build.0 = Release|Any CPU
	EndGlobalSection
	GlobalSection(SolutionProperties) = preSolution
		HideSolutionNode = FALSE
	EndGlobalSection
	GlobalSection(ExtensibilityGlobals) = postSolution
		SolutionGuid = {651BC956-EDBC-4CD3-B665-622DEF324609}
	EndGlobalSection
EndGlobal
